
Microsoft Visual Studio Solution File, Format Version 10.00
# Visual Studio 2008
Project("{FAE04EC0-301F-11D3-BF4B-00C04F79EFBC}") = "tfstree", "tfstree.csproj", "{CC48B419-3DBF-4FF9-A176-6870FE1C8078}"
EndProject
Project("{FAE04EC0-301F-11D3-BF4B-00C04F79EFBC}") = "StarTree.Plugin.Database", "..\plugins\StarTree.DatabasePlugin\StarTree.Plugin.Database.csproj", "{EB64267B-668E-4B6B-9832-11C5A58831EC}"
EndProject
Project("{2150E333-8FDC-42A3-9474-1A3956D46DE8}") = "Plugins", "Plugins", "{DB5BBF6F-F5DA-4F23-B98F-8C50E3AAF99A}"
EndProject
Project("{2150E333-8FDC-42A3-9474-1A3956D46DE8}") = "contracts", "contracts", "{5EE6589C-A4E1-4AC5-8210-6F010E2AD0A0}"
EndProject
Project("{FAE04EC0-301F-11D3-BF4B-00C04F79EFBC}") = "StarTree.Contracts", "..\contracts\StarTree.Contracts\StarTree.Contracts.csproj", "{A457B709-EA66-4DC8-B786-58C3B202B3AD}"
EndProject
Project("{2150E333-8FDC-42A3-9474-1A3956D46DE8}") = "adapters", "adapters", "{9E7CD626-17D8-4139-90C6-F427FEEF3A8A}"
EndProject
Project("{FAE04EC0-301F-11D3-BF4B-00C04F79EFBC}") = "StarTree.Plugin.Adapter", "..\plugins\StarTree.Plugin.Adapter\StarTree.Plugin.Adapter.csproj", "{99B5FE61-20A4-48C3-BF94-1544BA0BC0CD}"
EndProject
Project("{FAE04EC0-301F-11D3-BF4B-00C04F79EFBC}") = "StarTree.Host.Adapter", "..\plugins\StarTree.Host.Adapater\StarTree.Host.Adapter.csproj", "{81E0E576-0E90-45C4-8A9E-3DDF2100C32E}"
EndProject
Project("{FAE04EC0-301F-11D3-BF4B-00C04F79EFBC}") = "StarTree.Host", "..\startree\StarTree.Host\StarTree.Host.csproj", "{7220103A-F444-4B43-95A0-96C2A6422CAC}"
EndProject
Project("{FAE04EC0-301F-11D3-BF4B-00C04F79EFBC}") = "GitDatabase", "..\plugins\GitDatabase\GitDatabase.csproj", "{AA352BED-31DB-4454-8471-80280ECC0170}"
EndProject
Project("{FAE04EC0-301F-11D3-BF4B-00C04F79EFBC}") = "MtnDatabase", "..\plugins\MtnDatabase\MtnDatabase.csproj", "{D724AEB6-44AB-4A1D-992F-D3708F6CBD2B}"
EndProject
Project("{FAE04EC0-301F-11D3-BF4B-00C04F79EFBC}") = "StarTree.Plugin.SQLiteCache", "..\plugins\SQLiteCache\StarTree.Plugin.SQLiteCache.csproj", "{28A05E9B-1842-4B57-B84B-A8B8E5242A6D}"
EndProject
Project("{FAE04EC0-301F-11D3-BF4B-00C04F79EFBC}") = "StarTree.TFSDB", "..\plugins\StarTree.TFSDB\StarTree.TFSDB.csproj", "{CB254F38-1351-467B-82E9-A0358BE7EBAC}"
EndProject
Project("{FAE04EC0-301F-11D3-BF4B-00C04F79EFBC}") = "megahistorylib", "..\megahistorylib\megahistorylib.csproj", "{8723DA6D-9CBD-43D6-9218-88278099A063}"
EndProject
Global
	GlobalSection(SolutionConfigurationPlatforms) = preSolution
		Debug|Any CPU = Debug|Any CPU
		Debug|x64 = Debug|x64
		Debug|x86 = Debug|x86
		Release|Any CPU = Release|Any CPU
		Release|x64 = Release|x64
		Release|x86 = Release|x86
	EndGlobalSection
	GlobalSection(ProjectConfigurationPlatforms) = postSolution
		{CC48B419-3DBF-4FF9-A176-6870FE1C8078}.Debug|Any CPU.ActiveCfg = Debug|Any CPU
		{CC48B419-3DBF-4FF9-A176-6870FE1C8078}.Debug|Any CPU.Build.0 = Debug|Any CPU
		{CC48B419-3DBF-4FF9-A176-6870FE1C8078}.Debug|x64.ActiveCfg = Debug|x64
		{CC48B419-3DBF-4FF9-A176-6870FE1C8078}.Debug|x64.Build.0 = Debug|x64
		{CC48B419-3DBF-4FF9-A176-6870FE1C8078}.Debug|x86.ActiveCfg = Debug|x86
		{CC48B419-3DBF-4FF9-A176-6870FE1C8078}.Debug|x86.Build.0 = Debug|x86
		{CC48B419-3DBF-4FF9-A176-6870FE1C8078}.Release|Any CPU.ActiveCfg = Release|Any CPU
		{CC48B419-3DBF-4FF9-A176-6870FE1C8078}.Release|Any CPU.Build.0 = Release|Any CPU
		{CC48B419-3DBF-4FF9-A176-6870FE1C8078}.Release|x64.ActiveCfg = Release|x64
		{CC48B419-3DBF-4FF9-A176-6870FE1C8078}.Release|x64.Build.0 = Release|x64
		{CC48B419-3DBF-4FF9-A176-6870FE1C8078}.Release|x86.ActiveCfg = Release|x86
		{CC48B419-3DBF-4FF9-A176-6870FE1C8078}.Release|x86.Build.0 = Release|x86
		{EB64267B-668E-4B6B-9832-11C5A58831EC}.Debug|Any CPU.ActiveCfg = Debug|Any CPU
		{EB64267B-668E-4B6B-9832-11C5A58831EC}.Debug|Any CPU.Build.0 = Debug|Any CPU
		{EB64267B-668E-4B6B-9832-11C5A58831EC}.Debug|x64.ActiveCfg = Debug|Any CPU
		{EB64267B-668E-4B6B-9832-11C5A58831EC}.Debug|x86.ActiveCfg = Debug|Any CPU
		{EB64267B-668E-4B6B-9832-11C5A58831EC}.Release|Any CPU.ActiveCfg = Release|Any CPU
		{EB64267B-668E-4B6B-9832-11C5A58831EC}.Release|Any CPU.Build.0 = Release|Any CPU
		{EB64267B-668E-4B6B-9832-11C5A58831EC}.Release|x64.ActiveCfg = Release|Any CPU
		{EB64267B-668E-4B6B-9832-11C5A58831EC}.Release|x86.ActiveCfg = Release|Any CPU
		{A457B709-EA66-4DC8-B786-58C3B202B3AD}.Debug|Any CPU.ActiveCfg = Debug|Any CPU
		{A457B709-EA66-4DC8-B786-58C3B202B3AD}.Debug|Any CPU.Build.0 = Debug|Any CPU
		{A457B709-EA66-4DC8-B786-58C3B202B3AD}.Debug|x64.ActiveCfg = Debug|Any CPU
		{A457B709-EA66-4DC8-B786-58C3B202B3AD}.Debug|x86.ActiveCfg = Debug|Any CPU
		{A457B709-EA66-4DC8-B786-58C3B202B3AD}.Release|Any CPU.ActiveCfg = Release|Any CPU
		{A457B709-EA66-4DC8-B786-58C3B202B3AD}.Release|Any CPU.Build.0 = Release|Any CPU
		{A457B709-EA66-4DC8-B786-58C3B202B3AD}.Release|x64.ActiveCfg = Release|Any CPU
		{A457B709-EA66-4DC8-B786-58C3B202B3AD}.Release|x86.ActiveCfg = Release|Any CPU
		{99B5FE61-20A4-48C3-BF94-1544BA0BC0CD}.Debug|Any CPU.ActiveCfg = Debug|Any CPU
		{99B5FE61-20A4-48C3-BF94-1544BA0BC0CD}.Debug|Any CPU.Build.0 = Debug|Any CPU
		{99B5FE61-20A4-48C3-BF94-1544BA0BC0CD}.Debug|x64.ActiveCfg = Debug|Any CPU
		{99B5FE61-20A4-48C3-BF94-1544BA0BC0CD}.Debug|x86.ActiveCfg = Debug|Any CPU
		{99B5FE61-20A4-48C3-BF94-1544BA0BC0CD}.Release|Any CPU.ActiveCfg = Release|Any CPU
		{99B5FE61-20A4-48C3-BF94-1544BA0BC0CD}.Release|Any CPU.Build.0 = Release|Any CPU
		{99B5FE61-20A4-48C3-BF94-1544BA0BC0CD}.Release|x64.ActiveCfg = Release|Any CPU
		{99B5FE61-20A4-48C3-BF94-1544BA0BC0CD}.Release|x86.ActiveCfg = Release|Any CPU
		{81E0E576-0E90-45C4-8A9E-3DDF2100C32E}.Debug|Any CPU.ActiveCfg = Debug|Any CPU
		{81E0E576-0E90-45C4-8A9E-3DDF2100C32E}.Debug|Any CPU.Build.0 = Debug|Any CPU
		{81E0E576-0E90-45C4-8A9E-3DDF2100C32E}.Debug|x64.ActiveCfg = Debug|Any CPU
		{81E0E576-0E90-45C4-8A9E-3DDF2100C32E}.Debug|x86.ActiveCfg = Debug|Any CPU
		{81E0E576-0E90-45C4-8A9E-3DDF2100C32E}.Release|Any CPU.ActiveCfg = Release|Any CPU
		{81E0E576-0E90-45C4-8A9E-3DDF2100C32E}.Release|Any CPU.Build.0 = Release|Any CPU
		{81E0E576-0E90-45C4-8A9E-3DDF2100C32E}.Release|x64.ActiveCfg = Release|Any CPU
		{81E0E576-0E90-45C4-8A9E-3DDF2100C32E}.Release|x86.ActiveCfg = Release|Any CPU
		{7220103A-F444-4B43-95A0-96C2A6422CAC}.Debug|Any CPU.ActiveCfg = Debug|Any CPU
		{7220103A-F444-4B43-95A0-96C2A6422CAC}.Debug|Any CPU.Build.0 = Debug|Any CPU
		{7220103A-F444-4B43-95A0-96C2A6422CAC}.Debug|x64.ActiveCfg = Debug|Any CPU
		{7220103A-F444-4B43-95A0-96C2A6422CAC}.Debug|x86.ActiveCfg = Debug|Any CPU
		{7220103A-F444-4B43-95A0-96C2A6422CAC}.Release|Any CPU.ActiveCfg = Release|Any CPU
		{7220103A-F444-4B43-95A0-96C2A6422CAC}.Release|Any CPU.Build.0 = Release|Any CPU
		{7220103A-F444-4B43-95A0-96C2A6422CAC}.Release|x64.ActiveCfg = Release|Any CPU
		{7220103A-F444-4B43-95A0-96C2A6422CAC}.Release|x86.ActiveCfg = Release|Any CPU
		{AA352BED-31DB-4454-8471-80280ECC0170}.Debug|Any CPU.ActiveCfg = Debug|Any CPU
		{AA352BED-31DB-4454-8471-80280ECC0170}.Debug|Any CPU.Build.0 = Debug|Any CPU
		{AA352BED-31DB-4454-8471-80280ECC0170}.Debug|x64.ActiveCfg = Debug|x64
		{AA352BED-31DB-4454-8471-80280ECC0170}.Debug|x64.Build.0 = Debug|x64
		{AA352BED-31DB-4454-8471-80280ECC0170}.Debug|x86.ActiveCfg = Debug|x86
		{AA352BED-31DB-4454-8471-80280ECC0170}.Debug|x86.Build.0 = Debug|x86
		{AA352BED-31DB-4454-8471-80280ECC0170}.Release|Any CPU.ActiveCfg = Release|Any CPU
		{AA352BED-31DB-4454-8471-80280ECC0170}.Release|Any CPU.Build.0 = Release|Any CPU
		{AA352BED-31DB-4454-8471-80280ECC0170}.Release|x64.ActiveCfg = Release|x64
		{AA352BED-31DB-4454-8471-80280ECC0170}.Release|x64.Build.0 = Release|x64
		{AA352BED-31DB-4454-8471-80280ECC0170}.Release|x86.ActiveCfg = Release|x86
		{AA352BED-31DB-4454-8471-80280ECC0170}.Release|x86.Build.0 = Release|x86
		{D724AEB6-44AB-4A1D-992F-D3708F6CBD2B}.Debug|Any CPU.ActiveCfg = Debug|Any CPU
		{D724AEB6-44AB-4A1D-992F-D3708F6CBD2B}.Debug|Any CPU.Build.0 = Debug|Any CPU
		{D724AEB6-44AB-4A1D-992F-D3708F6CBD2B}.Debug|x64.ActiveCfg = Debug|x64
		{D724AEB6-44AB-4A1D-992F-D3708F6CBD2B}.Debug|x64.Build.0 = Debug|x64
		{D724AEB6-44AB-4A1D-992F-D3708F6CBD2B}.Debug|x86.ActiveCfg = Debug|x86
		{D724AEB6-44AB-4A1D-992F-D3708F6CBD2B}.Debug|x86.Build.0 = Debug|x86
		{D724AEB6-44AB-4A1D-992F-D3708F6CBD2B}.Release|Any CPU.ActiveCfg = Release|Any CPU
		{D724AEB6-44AB-4A1D-992F-D3708F6CBD2B}.Release|Any CPU.Build.0 = Release|Any CPU
		{D724AEB6-44AB-4A1D-992F-D3708F6CBD2B}.Release|x64.ActiveCfg = Release|x64
		{D724AEB6-44AB-4A1D-992F-D3708F6CBD2B}.Release|x64.Build.0 = Release|x64
		{D724AEB6-44AB-4A1D-992F-D3708F6CBD2B}.Release|x86.ActiveCfg = Release|x86
		{D724AEB6-44AB-4A1D-992F-D3708F6CBD2B}.Release|x86.Build.0 = Release|x86
		{28A05E9B-1842-4B57-B84B-A8B8E5242A6D}.Debug|Any CPU.ActiveCfg = Debug|Any CPU
		{28A05E9B-1842-4B57-B84B-A8B8E5242A6D}.Debug|Any CPU.Build.0 = Debug|Any CPU
		{28A05E9B-1842-4B57-B84B-A8B8E5242A6D}.Debug|x64.ActiveCfg = Debug|x64
		{28A05E9B-1842-4B57-B84B-A8B8E5242A6D}.Debug|x64.Build.0 = Debug|x64
		{28A05E9B-1842-4B57-B84B-A8B8E5242A6D}.Debug|x86.ActiveCfg = Debug|x86
		{28A05E9B-1842-4B57-B84B-A8B8E5242A6D}.Debug|x86.Build.0 = Debug|x86
		{28A05E9B-1842-4B57-B84B-A8B8E5242A6D}.Release|Any CPU.ActiveCfg = Release|Any CPU
		{28A05E9B-1842-4B57-B84B-A8B8E5242A6D}.Release|Any CPU.Build.0 = Release|Any CPU
		{28A05E9B-1842-4B57-B84B-A8B8E5242A6D}.Release|x64.ActiveCfg = Release|x64
		{28A05E9B-1842-4B57-B84B-A8B8E5242A6D}.Release|x64.Build.0 = Release|x64
		{28A05E9B-1842-4B57-B84B-A8B8E5242A6D}.Release|x86.ActiveCfg = Release|x86
		{28A05E9B-1842-4B57-B84B-A8B8E5242A6D}.Release|x86.Build.0 = Release|x86
		{CB254F38-1351-467B-82E9-A0358BE7EBAC}.Debug|Any CPU.ActiveCfg = Debug|Any CPU
		{CB254F38-1351-467B-82E9-A0358BE7EBAC}.Debug|Any CPU.Build.0 = Debug|Any CPU
		{CB254F38-1351-467B-82E9-A0358BE7EBAC}.Debug|x64.ActiveCfg = Debug|x64
		{CB254F38-1351-467B-82E9-A0358BE7EBAC}.Debug|x64.Build.0 = Debug|x64
		{CB254F38-1351-467B-82E9-A0358BE7EBAC}.Debug|x86.ActiveCfg = Debug|x86
		{CB254F38-1351-467B-82E9-A0358BE7EBAC}.Debug|x86.Build.0 = Debug|x86
		{CB254F38-1351-467B-82E9-A0358BE7EBAC}.Release|Any CPU.ActiveCfg = Release|Any CPU
		{CB254F38-1351-467B-82E9-A0358BE7EBAC}.Release|Any CPU.Build.0 = Release|Any CPU
		{CB254F38-1351-467B-82E9-A0358BE7EBAC}.Release|x64.ActiveCfg = Release|x64
		{CB254F38-1351-467B-82E9-A0358BE7EBAC}.Release|x64.Build.0 = Release|x64
		{CB254F38-1351-467B-82E9-A0358BE7EBAC}.Release|x86.ActiveCfg = Release|x86
		{CB254F38-1351-467B-82E9-A0358BE7EBAC}.Release|x86.Build.0 = Release|x86
		{8723DA6D-9CBD-43D6-9218-88278099A063}.Debug|Any CPU.ActiveCfg = Debug|Any CPU
		{8723DA6D-9CBD-43D6-9218-88278099A063}.Debug|Any CPU.Build.0 = Debug|Any CPU
		{8723DA6D-9CBD-43D6-9218-88278099A063}.Debug|x64.ActiveCfg = Debug|x64
		{8723DA6D-9CBD-43D6-9218-88278099A063}.Debug|x64.Build.0 = Debug|x64
		{8723DA6D-9CBD-43D6-9218-88278099A063}.Debug|x86.ActiveCfg = Debug|x86
		{8723DA6D-9CBD-43D6-9218-88278099A063}.Debug|x86.Build.0 = Debug|x86
		{8723DA6D-9CBD-43D6-9218-88278099A063}.Release|Any CPU.ActiveCfg = Release|Any CPU
		{8723DA6D-9CBD-43D6-9218-88278099A063}.Release|Any CPU.Build.0 = Release|Any CPU
		{8723DA6D-9CBD-43D6-9218-88278099A063}.Release|x64.ActiveCfg = Release|x64
		{8723DA6D-9CBD-43D6-9218-88278099A063}.Release|x64.Build.0 = Release|x64
		{8723DA6D-9CBD-43D6-9218-88278099A063}.Release|x86.ActiveCfg = Release|x86
		{8723DA6D-9CBD-43D6-9218-88278099A063}.Release|x86.Build.0 = Release|x86
	EndGlobalSection
	GlobalSection(SolutionProperties) = preSolution
		HideSolutionNode = FALSE
	EndGlobalSection
	GlobalSection(NestedProjects) = preSolution
		{EB64267B-668E-4B6B-9832-11C5A58831EC} = {DB5BBF6F-F5DA-4F23-B98F-8C50E3AAF99A}
		{AA352BED-31DB-4454-8471-80280ECC0170} = {DB5BBF6F-F5DA-4F23-B98F-8C50E3AAF99A}
		{D724AEB6-44AB-4A1D-992F-D3708F6CBD2B} = {DB5BBF6F-F5DA-4F23-B98F-8C50E3AAF99A}
		{28A05E9B-1842-4B57-B84B-A8B8E5242A6D} = {DB5BBF6F-F5DA-4F23-B98F-8C50E3AAF99A}
		{CB254F38-1351-467B-82E9-A0358BE7EBAC} = {DB5BBF6F-F5DA-4F23-B98F-8C50E3AAF99A}
		{A457B709-EA66-4DC8-B786-58C3B202B3AD} = {5EE6589C-A4E1-4AC5-8210-6F010E2AD0A0}
		{99B5FE61-20A4-48C3-BF94-1544BA0BC0CD} = {9E7CD626-17D8-4139-90C6-F427FEEF3A8A}
		{81E0E576-0E90-45C4-8A9E-3DDF2100C32E} = {9E7CD626-17D8-4139-90C6-F427FEEF3A8A}
	EndGlobalSection
EndGlobal
