
Microsoft Visual Studio Solution File, Format Version 10.00
# Visual Studio 2008
Project("{FAE04EC0-301F-11D3-BF4B-00C04F79EFBC}") = "tfstree", "tfstree.csproj", "{CC48B419-3DBF-4FF9-A176-6870FE1C8078}"
EndProject
Project("{FAE04EC0-301F-11D3-BF4B-00C04F79EFBC}") = "megahistorylib", "..\megahistorylib\megahistorylib.csproj", "{8723DA6D-9CBD-43D6-9218-88278099A063}"
EndProject
Project("{FAE04EC0-301F-11D3-BF4B-00C04F79EFBC}") = "TFSTree.TFSDB", "databases\TFSTree.TFSDB\TFSTree.TFSDB.csproj", "{CB254F38-1351-467B-82E9-A0358BE7EBAC}"
EndProject
Project("{FAE04EC0-301F-11D3-BF4B-00C04F79EFBC}") = "TFSTree.DBInterface", "databases\TFSTree.DBInterface\TFSTree.DBInterface.csproj", "{F10693E1-5010-4337-92AB-026860F6DE8A}"
EndProject
Project("{FAE04EC0-301F-11D3-BF4B-00C04F79EFBC}") = "TFSTree.SQLiteCache", "databases\SQLiteCache\TFSTree.SQLiteCache.csproj", "{28A05E9B-1842-4B57-B84B-A8B8E5242A6D}"
EndProject
Project("{FAE04EC0-301F-11D3-BF4B-00C04F79EFBC}") = "MtnDatabase", "..\MtnDatabase\MtnDatabase.csproj", "{D724AEB6-44AB-4A1D-992F-D3708F6CBD2B}"
EndProject
Project("{FAE04EC0-301F-11D3-BF4B-00C04F79EFBC}") = "GitDatabase", "..\GitDatabase\GitDatabase.csproj", "{AA352BED-31DB-4454-8471-80280ECC0170}"
EndProject
Global
	GlobalSection(SolutionConfigurationPlatforms) = preSolution
		Debug|Any CPU = Debug|Any CPU
		Debug|x64 = Debug|x64
		Debug|x86 = Debug|x86
		Release|Any CPU = Release|Any CPU
		Release|x64 = Release|x64
		Release|x86 = Release|x86
	EndGlobalSection
	GlobalSection(ProjectConfigurationPlatforms) = postSolution
		{CC48B419-3DBF-4FF9-A176-6870FE1C8078}.Debug|Any CPU.ActiveCfg = Debug|Any CPU
		{CC48B419-3DBF-4FF9-A176-6870FE1C8078}.Debug|Any CPU.Build.0 = Debug|Any CPU
		{CC48B419-3DBF-4FF9-A176-6870FE1C8078}.Debug|x64.ActiveCfg = Debug|x64
		{CC48B419-3DBF-4FF9-A176-6870FE1C8078}.Debug|x64.Build.0 = Debug|x64
		{CC48B419-3DBF-4FF9-A176-6870FE1C8078}.Debug|x86.ActiveCfg = Debug|x86
		{CC48B419-3DBF-4FF9-A176-6870FE1C8078}.Debug|x86.Build.0 = Debug|x86
		{CC48B419-3DBF-4FF9-A176-6870FE1C8078}.Release|Any CPU.ActiveCfg = Release|Any CPU
		{CC48B419-3DBF-4FF9-A176-6870FE1C8078}.Release|Any CPU.Build.0 = Release|Any CPU
		{CC48B419-3DBF-4FF9-A176-6870FE1C8078}.Release|x64.ActiveCfg = Release|x64
		{CC48B419-3DBF-4FF9-A176-6870FE1C8078}.Release|x64.Build.0 = Release|x64
		{CC48B419-3DBF-4FF9-A176-6870FE1C8078}.Release|x86.ActiveCfg = Release|x86
		{CC48B419-3DBF-4FF9-A176-6870FE1C8078}.Release|x86.Build.0 = Release|x86
		{8723DA6D-9CBD-43D6-9218-88278099A063}.Debug|Any CPU.ActiveCfg = Debug|Any CPU
		{8723DA6D-9CBD-43D6-9218-88278099A063}.Debug|Any CPU.Build.0 = Debug|Any CPU
		{8723DA6D-9CBD-43D6-9218-88278099A063}.Debug|x64.ActiveCfg = Debug|x64
		{8723DA6D-9CBD-43D6-9218-88278099A063}.Debug|x64.Build.0 = Debug|x64
		{8723DA6D-9CBD-43D6-9218-88278099A063}.Debug|x86.ActiveCfg = Debug|x86
		{8723DA6D-9CBD-43D6-9218-88278099A063}.Debug|x86.Build.0 = Debug|x86
		{8723DA6D-9CBD-43D6-9218-88278099A063}.Release|Any CPU.ActiveCfg = Release|Any CPU
		{8723DA6D-9CBD-43D6-9218-88278099A063}.Release|Any CPU.Build.0 = Release|Any CPU
		{8723DA6D-9CBD-43D6-9218-88278099A063}.Release|x64.ActiveCfg = Release|x64
		{8723DA6D-9CBD-43D6-9218-88278099A063}.Release|x64.Build.0 = Release|x64
		{8723DA6D-9CBD-43D6-9218-88278099A063}.Release|x86.ActiveCfg = Release|x86
		{8723DA6D-9CBD-43D6-9218-88278099A063}.Release|x86.Build.0 = Release|x86
		{CB254F38-1351-467B-82E9-A0358BE7EBAC}.Debug|Any CPU.ActiveCfg = Debug|Any CPU
		{CB254F38-1351-467B-82E9-A0358BE7EBAC}.Debug|Any CPU.Build.0 = Debug|Any CPU
		{CB254F38-1351-467B-82E9-A0358BE7EBAC}.Debug|x64.ActiveCfg = Debug|x64
		{CB254F38-1351-467B-82E9-A0358BE7EBAC}.Debug|x64.Build.0 = Debug|x64
		{CB254F38-1351-467B-82E9-A0358BE7EBAC}.Debug|x86.ActiveCfg = Debug|x86
		{CB254F38-1351-467B-82E9-A0358BE7EBAC}.Debug|x86.Build.0 = Debug|x86
		{CB254F38-1351-467B-82E9-A0358BE7EBAC}.Release|Any CPU.ActiveCfg = Release|Any CPU
		{CB254F38-1351-467B-82E9-A0358BE7EBAC}.Release|Any CPU.Build.0 = Release|Any CPU
		{CB254F38-1351-467B-82E9-A0358BE7EBAC}.Release|x64.ActiveCfg = Release|x64
		{CB254F38-1351-467B-82E9-A0358BE7EBAC}.Release|x64.Build.0 = Release|x64
		{CB254F38-1351-467B-82E9-A0358BE7EBAC}.Release|x86.ActiveCfg = Release|x86
		{CB254F38-1351-467B-82E9-A0358BE7EBAC}.Release|x86.Build.0 = Release|x86
		{F10693E1-5010-4337-92AB-026860F6DE8A}.Debug|Any CPU.ActiveCfg = Debug|Any CPU
		{F10693E1-5010-4337-92AB-026860F6DE8A}.Debug|Any CPU.Build.0 = Debug|Any CPU
		{F10693E1-5010-4337-92AB-026860F6DE8A}.Debug|x64.ActiveCfg = Debug|x64
		{F10693E1-5010-4337-92AB-026860F6DE8A}.Debug|x64.Build.0 = Debug|x64
		{F10693E1-5010-4337-92AB-026860F6DE8A}.Debug|x86.ActiveCfg = Debug|x86
		{F10693E1-5010-4337-92AB-026860F6DE8A}.Debug|x86.Build.0 = Debug|x86
		{F10693E1-5010-4337-92AB-026860F6DE8A}.Release|Any CPU.ActiveCfg = Release|Any CPU
		{F10693E1-5010-4337-92AB-026860F6DE8A}.Release|Any CPU.Build.0 = Release|Any CPU
		{F10693E1-5010-4337-92AB-026860F6DE8A}.Release|x64.ActiveCfg = Release|x64
		{F10693E1-5010-4337-92AB-026860F6DE8A}.Release|x64.Build.0 = Release|x64
		{F10693E1-5010-4337-92AB-026860F6DE8A}.Release|x86.ActiveCfg = Release|x86
		{F10693E1-5010-4337-92AB-026860F6DE8A}.Release|x86.Build.0 = Release|x86
		{28A05E9B-1842-4B57-B84B-A8B8E5242A6D}.Debug|Any CPU.ActiveCfg = Debug|Any CPU
		{28A05E9B-1842-4B57-B84B-A8B8E5242A6D}.Debug|Any CPU.Build.0 = Debug|Any CPU
		{28A05E9B-1842-4B57-B84B-A8B8E5242A6D}.Debug|x64.ActiveCfg = Debug|x64
		{28A05E9B-1842-4B57-B84B-A8B8E5242A6D}.Debug|x64.Build.0 = Debug|x64
		{28A05E9B-1842-4B57-B84B-A8B8E5242A6D}.Debug|x86.ActiveCfg = Debug|x86
		{28A05E9B-1842-4B57-B84B-A8B8E5242A6D}.Debug|x86.Build.0 = Debug|x86
		{28A05E9B-1842-4B57-B84B-A8B8E5242A6D}.Release|Any CPU.ActiveCfg = Release|Any CPU
		{28A05E9B-1842-4B57-B84B-A8B8E5242A6D}.Release|Any CPU.Build.0 = Release|Any CPU
		{28A05E9B-1842-4B57-B84B-A8B8E5242A6D}.Release|x64.ActiveCfg = Release|x64
		{28A05E9B-1842-4B57-B84B-A8B8E5242A6D}.Release|x64.Build.0 = Release|x64
		{28A05E9B-1842-4B57-B84B-A8B8E5242A6D}.Release|x86.ActiveCfg = Release|x86
		{28A05E9B-1842-4B57-B84B-A8B8E5242A6D}.Release|x86.Build.0 = Release|x86
		{D724AEB6-44AB-4A1D-992F-D3708F6CBD2B}.Debug|Any CPU.ActiveCfg = Debug|Any CPU
		{D724AEB6-44AB-4A1D-992F-D3708F6CBD2B}.Debug|Any CPU.Build.0 = Debug|Any CPU
		{D724AEB6-44AB-4A1D-992F-D3708F6CBD2B}.Debug|x64.ActiveCfg = Debug|x64
		{D724AEB6-44AB-4A1D-992F-D3708F6CBD2B}.Debug|x64.Build.0 = Debug|x64
		{D724AEB6-44AB-4A1D-992F-D3708F6CBD2B}.Debug|x86.ActiveCfg = Debug|x86
		{D724AEB6-44AB-4A1D-992F-D3708F6CBD2B}.Debug|x86.Build.0 = Debug|x86
		{D724AEB6-44AB-4A1D-992F-D3708F6CBD2B}.Release|Any CPU.ActiveCfg = Release|Any CPU
		{D724AEB6-44AB-4A1D-992F-D3708F6CBD2B}.Release|Any CPU.Build.0 = Release|Any CPU
		{D724AEB6-44AB-4A1D-992F-D3708F6CBD2B}.Release|x64.ActiveCfg = Release|x64
		{D724AEB6-44AB-4A1D-992F-D3708F6CBD2B}.Release|x64.Build.0 = Release|x64
		{D724AEB6-44AB-4A1D-992F-D3708F6CBD2B}.Release|x86.ActiveCfg = Release|x86
		{D724AEB6-44AB-4A1D-992F-D3708F6CBD2B}.Release|x86.Build.0 = Release|x86
		{AA352BED-31DB-4454-8471-80280ECC0170}.Debug|Any CPU.ActiveCfg = Debug|Any CPU
		{AA352BED-31DB-4454-8471-80280ECC0170}.Debug|Any CPU.Build.0 = Debug|Any CPU
		{AA352BED-31DB-4454-8471-80280ECC0170}.Debug|x64.ActiveCfg = Debug|x64
		{AA352BED-31DB-4454-8471-80280ECC0170}.Debug|x64.Build.0 = Debug|x64
		{AA352BED-31DB-4454-8471-80280ECC0170}.Debug|x86.ActiveCfg = Debug|x86
		{AA352BED-31DB-4454-8471-80280ECC0170}.Debug|x86.Build.0 = Debug|x86
		{AA352BED-31DB-4454-8471-80280ECC0170}.Release|Any CPU.ActiveCfg = Release|Any CPU
		{AA352BED-31DB-4454-8471-80280ECC0170}.Release|Any CPU.Build.0 = Release|Any CPU
		{AA352BED-31DB-4454-8471-80280ECC0170}.Release|x64.ActiveCfg = Release|x64
		{AA352BED-31DB-4454-8471-80280ECC0170}.Release|x64.Build.0 = Release|x64
		{AA352BED-31DB-4454-8471-80280ECC0170}.Release|x86.ActiveCfg = Release|Any CPU
	EndGlobalSection
	GlobalSection(SolutionProperties) = preSolution
		HideSolutionNode = FALSE
	EndGlobalSection
EndGlobal
